{
  "pins" : [
    {
      "identity" : "stripe-ios-spm",
      "kind" : "remoteSourceControl",
      "location" : "https://github.com/stripe/stripe-ios-spm",
      "state" : {
        "revision" : "d1e98b0acad316d1bf7d30bfdf34ec8ca9ca1e15",
        "version" : "23.18.2"
      }
    }
  ],
  "version" : 2
}
