// !$*UTF8*$!
{
	archiveVersion = 1;
	classes = {
	};
	objectVersion = 56;
	objects = {

/* Begin PBXBuildFile section */
		F212403D2B02C24100FC2F75 /* Stripe in Frameworks */ = {isa = PBXBuildFile; productRef = F212403C2B02C24100FC2F75 /* Stripe */; };
		F212403F2B03002E00FC2F75 /* StripePaymentSheet in Frameworks */ = {isa = PBXBuildFile; productRef = F212403E2B03002E00FC2F75 /* StripePaymentSheet */; };
		F21240412B03A13500FC2F75 /* CreditCardViewModelTests.swift in Sources */ = {isa = PBXBuildFile; fileRef = F21240402B03A13500FC2F75 /* CreditCardViewModelTests.swift */; };
		F21726452B00A74A00D5D9E5 /* CreditCardViewModel.swift in Sources */ = {isa = PBXBuildFile; fileRef = F21726442B00A74A00D5D9E5 /* CreditCardViewModel.swift */; };
		F21726482B00B2E200D5D9E5 /* CreditCard.swift in Sources */ = {isa = PBXBuildFile; fileRef = F21726472B00B2E200D5D9E5 /* CreditCard.swift */; };
		F217264A2B00B2F600D5D9E5 /* CreditCardView.swift in Sources */ = {isa = PBXBuildFile; fileRef = F21726492B00B2F600D5D9E5 /* CreditCardView.swift */; };
		F21B6FD52AFDFBB50070831E /* CartModel.swift in Sources */ = {isa = PBXBuildFile; fileRef = F21B6FD42AFDFBB50070831E /* CartModel.swift */; };
		F21B6FD72AFDFBC10070831E /* CartViewModel.swift in Sources */ = {isa = PBXBuildFile; fileRef = F21B6FD62AFDFBC10070831E /* CartViewModel.swift */; };
		F21B6FD92AFDFBD10070831E /* CartView.swift in Sources */ = {isa = PBXBuildFile; fileRef = F21B6FD82AFDFBD10070831E /* CartView.swift */; };
		F21B6FDE2AFE1E5F0070831E /* GeneralCardView.swift in Sources */ = {isa = PBXBuildFile; fileRef = F21B6FDD2AFE1E5F0070831E /* GeneralCardView.swift */; };
		F21B6FE12AFE409A0070831E /* CategoryModel.swift in Sources */ = {isa = PBXBuildFile; fileRef = F21B6FE02AFE409A0070831E /* CategoryModel.swift */; };
		F21B6FE32AFE40C00070831E /* CategoriesListViewModel.swift in Sources */ = {isa = PBXBuildFile; fileRef = F21B6FE22AFE40C00070831E /* CategoriesListViewModel.swift */; };
		F21B6FE52AFE40D20070831E /* CategoriesListView.swift in Sources */ = {isa = PBXBuildFile; fileRef = F21B6FE42AFE40D20070831E /* CategoriesListView.swift */; };
		F2271B752AFD8527004AD79D /* FoodApp.swift in Sources */ = {isa = PBXBuildFile; fileRef = F2271B742AFD8527004AD79D /* FoodApp.swift */; };
		F2271B772AFD8527004AD79D /* ContentView.swift in Sources */ = {isa = PBXBuildFile; fileRef = F2271B762AFD8527004AD79D /* ContentView.swift */; };
		F2271B792AFD8528004AD79D /* Assets.xcassets in Resources */ = {isa = PBXBuildFile; fileRef = F2271B782AFD8528004AD79D /* Assets.xcassets */; };
		F2271B7C2AFD8528004AD79D /* Preview Assets.xcassets in Resources */ = {isa = PBXBuildFile; fileRef = F2271B7B2AFD8528004AD79D /* Preview Assets.xcassets */; };
		F2271B8B2AFD8528004AD79D /* FoodAppTests.swift in Sources */ = {isa = PBXBuildFile; fileRef = F2271B8A2AFD8528004AD79D /* FoodAppTests.swift */; };
		F2271B952AFD8528004AD79D /* FoodAppUITests.swift in Sources */ = {isa = PBXBuildFile; fileRef = F2271B942AFD8528004AD79D /* FoodAppUITests.swift */; };
		F2271B972AFD8528004AD79D /* FoodAppUITestsLaunchTests.swift in Sources */ = {isa = PBXBuildFile; fileRef = F2271B962AFD8528004AD79D /* FoodAppUITestsLaunchTests.swift */; };
		F2271BA52AFD86FA004AD79D /* ProductModel.swift in Sources */ = {isa = PBXBuildFile; fileRef = F2271BA42AFD86FA004AD79D /* ProductModel.swift */; };
		F2271BA72AFD8714004AD79D /* APIService.swift in Sources */ = {isa = PBXBuildFile; fileRef = F2271BA62AFD8714004AD79D /* APIService.swift */; };
		F2271BA92AFD89BE004AD79D /* ProductsListViewModel.swift in Sources */ = {isa = PBXBuildFile; fileRef = F2271BA82AFD89BE004AD79D /* ProductsListViewModel.swift */; };
		F2271BAB2AFD89D4004AD79D /* ProductsListView.swift in Sources */ = {isa = PBXBuildFile; fileRef = F2271BAA2AFD89D4004AD79D /* ProductsListView.swift */; };
		F29E116D2B0082B000C6EB42 /* PaymentView.swift in Sources */ = {isa = PBXBuildFile; fileRef = F29E116C2B0082B000C6EB42 /* PaymentView.swift */; };
		F29E116F2B0082C900C6EB42 /* PaymentViewModel.swift in Sources */ = {isa = PBXBuildFile; fileRef = F29E116E2B0082C900C6EB42 /* PaymentViewModel.swift */; };
		F29E11712B0082D400C6EB42 /* PaymentMethod.swift in Sources */ = {isa = PBXBuildFile; fileRef = F29E11702B0082D400C6EB42 /* PaymentMethod.swift */; };
/* End PBXBuildFile section */

/* Begin PBXContainerItemProxy section */
		F2271B872AFD8528004AD79D /* PBXContainerItemProxy */ = {
			isa = PBXContainerItemProxy;
			containerPortal = F2271B692AFD8526004AD79D /* Project object */;
			proxyType = 1;
			remoteGlobalIDString = F2271B702AFD8527004AD79D;
			remoteInfo = FoodApp;
		};
		F2271B912AFD8528004AD79D /* PBXContainerItemProxy */ = {
			isa = PBXContainerItemProxy;
			containerPortal = F2271B692AFD8526004AD79D /* Project object */;
			proxyType = 1;
			remoteGlobalIDString = F2271B702AFD8527004AD79D;
			remoteInfo = FoodApp;
		};
/* End PBXContainerItemProxy section */

/* Begin PBXFileReference section */
		F21240402B03A13500FC2F75 /* CreditCardViewModelTests.swift */ = {isa = PBXFileReference; lastKnownFileType = sourcecode.swift; path = CreditCardViewModelTests.swift; sourceTree = "<group>"; };
		F21726442B00A74A00D5D9E5 /* CreditCardViewModel.swift */ = {isa = PBXFileReference; lastKnownFileType = sourcecode.swift; path = CreditCardViewModel.swift; sourceTree = "<group>"; };
		F21726472B00B2E200D5D9E5 /* CreditCard.swift */ = {isa = PBXFileReference; lastKnownFileType = sourcecode.swift; path = CreditCard.swift; sourceTree = "<group>"; };
		F21726492B00B2F600D5D9E5 /* CreditCardView.swift */ = {isa = PBXFileReference; lastKnownFileType = sourcecode.swift; path = CreditCardView.swift; sourceTree = "<group>"; };
		F21B6FD42AFDFBB50070831E /* CartModel.swift */ = {isa = PBXFileReference; lastKnownFileType = sourcecode.swift; path = CartModel.swift; sourceTree = "<group>"; };
		F21B6FD62AFDFBC10070831E /* CartViewModel.swift */ = {isa = PBXFileReference; lastKnownFileType = sourcecode.swift; path = CartViewModel.swift; sourceTree = "<group>"; };
		F21B6FD82AFDFBD10070831E /* CartView.swift */ = {isa = PBXFileReference; lastKnownFileType = sourcecode.swift; path = CartView.swift; sourceTree = "<group>"; };
		F21B6FDD2AFE1E5F0070831E /* GeneralCardView.swift */ = {isa = PBXFileReference; lastKnownFileType = sourcecode.swift; path = GeneralCardView.swift; sourceTree = "<group>"; };
		F21B6FE02AFE409A0070831E /* CategoryModel.swift */ = {isa = PBXFileReference; lastKnownFileType = sourcecode.swift; path = CategoryModel.swift; sourceTree = "<group>"; };
		F21B6FE22AFE40C00070831E /* CategoriesListViewModel.swift */ = {isa = PBXFileReference; lastKnownFileType = sourcecode.swift; path = CategoriesListViewModel.swift; sourceTree = "<group>"; };
		F21B6FE42AFE40D20070831E /* CategoriesListView.swift */ = {isa = PBXFileReference; lastKnownFileType = sourcecode.swift; path = CategoriesListView.swift; sourceTree = "<group>"; };
		F2271B712AFD8527004AD79D /* FoodApp.app */ = {isa = PBXFileReference; explicitFileType = wrapper.application; includeInIndex = 0; path = FoodApp.app; sourceTree = BUILT_PRODUCTS_DIR; };
		F2271B742AFD8527004AD79D /* FoodApp.swift */ = {isa = PBXFileReference; lastKnownFileType = sourcecode.swift; path = FoodApp.swift; sourceTree = "<group>"; };
		F2271B762AFD8527004AD79D /* ContentView.swift */ = {isa = PBXFileReference; lastKnownFileType = sourcecode.swift; path = ContentView.swift; sourceTree = "<group>"; };
		F2271B782AFD8528004AD79D /* Assets.xcassets */ = {isa = PBXFileReference; lastKnownFileType = folder.assetcatalog; path = Assets.xcassets; sourceTree = "<group>"; };
		F2271B7B2AFD8528004AD79D /* Preview Assets.xcassets */ = {isa = PBXFileReference; lastKnownFileType = folder.assetcatalog; path = "Preview Assets.xcassets"; sourceTree = "<group>"; };
		F2271B862AFD8528004AD79D /* FoodAppTests.xctest */ = {isa = PBXFileReference; explicitFileType = wrapper.cfbundle; includeInIndex = 0; path = FoodAppTests.xctest; sourceTree = BUILT_PRODUCTS_DIR; };
		F2271B8A2AFD8528004AD79D /* FoodAppTests.swift */ = {isa = PBXFileReference; lastKnownFileType = sourcecode.swift; path = FoodAppTests.swift; sourceTree = "<group>"; };
		F2271B902AFD8528004AD79D /* FoodAppUITests.xctest */ = {isa = PBXFileReference; explicitFileType = wrapper.cfbundle; includeInIndex = 0; path = FoodAppUITests.xctest; sourceTree = BUILT_PRODUCTS_DIR; };
		F2271B942AFD8528004AD79D /* FoodAppUITests.swift */ = {isa = PBXFileReference; lastKnownFileType = sourcecode.swift; path = FoodAppUITests.swift; sourceTree = "<group>"; };
		F2271B962AFD8528004AD79D /* FoodAppUITestsLaunchTests.swift */ = {isa = PBXFileReference; lastKnownFileType = sourcecode.swift; path = FoodAppUITestsLaunchTests.swift; sourceTree = "<group>"; };
		F2271BA42AFD86FA004AD79D /* ProductModel.swift */ = {isa = PBXFileReference; lastKnownFileType = sourcecode.swift; path = ProductModel.swift; sourceTree = "<group>"; };
		F2271BA62AFD8714004AD79D /* APIService.swift */ = {isa = PBXFileReference; lastKnownFileType = sourcecode.swift; path = APIService.swift; sourceTree = "<group>"; };
		F2271BA82AFD89BE004AD79D /* ProductsListViewModel.swift */ = {isa = PBXFileReference; lastKnownFileType = sourcecode.swift; path = ProductsListViewModel.swift; sourceTree = "<group>"; };
		F2271BAA2AFD89D4004AD79D /* ProductsListView.swift */ = {isa = PBXFileReference; lastKnownFileType = sourcecode.swift; path = ProductsListView.swift; sourceTree = "<group>"; };
		F29E116C2B0082B000C6EB42 /* PaymentView.swift */ = {isa = PBXFileReference; lastKnownFileType = sourcecode.swift; path = PaymentView.swift; sourceTree = "<group>"; };
		F29E116E2B0082C900C6EB42 /* PaymentViewModel.swift */ = {isa = PBXFileReference; lastKnownFileType = sourcecode.swift; path = PaymentViewModel.swift; sourceTree = "<group>"; };
		F29E11702B0082D400C6EB42 /* PaymentMethod.swift */ = {isa = PBXFileReference; lastKnownFileType = sourcecode.swift; path = PaymentMethod.swift; sourceTree = "<group>"; };
/* End PBXFileReference section */

/* Begin PBXFrameworksBuildPhase section */
		F2271B6E2AFD8527004AD79D /* Frameworks */ = {
			isa = PBXFrameworksBuildPhase;
			buildActionMask = 2147483647;
			files = (
				F212403F2B03002E00FC2F75 /* StripePaymentSheet in Frameworks */,
				F212403D2B02C24100FC2F75 /* Stripe in Frameworks */,
			);
			runOnlyForDeploymentPostprocessing = 0;
		};
		F2271B832AFD8528004AD79D /* Frameworks */ = {
			isa = PBXFrameworksBuildPhase;
			buildActionMask = 2147483647;
			files = (
			);
			runOnlyForDeploymentPostprocessing = 0;
		};
		F2271B8D2AFD8528004AD79D /* Frameworks */ = {
			isa = PBXFrameworksBuildPhase;
			buildActionMask = 2147483647;
			files = (
			);
			runOnlyForDeploymentPostprocessing = 0;
		};
/* End PBXFrameworksBuildPhase section */

/* Begin PBXGroup section */
		F21726462B00B2C600D5D9E5 /* CreditCard */ = {
			isa = PBXGroup;
			children = (
				F21726472B00B2E200D5D9E5 /* CreditCard.swift */,
				F21726442B00A74A00D5D9E5 /* CreditCardViewModel.swift */,
				F21726492B00B2F600D5D9E5 /* CreditCardView.swift */,
			);
			path = CreditCard;
			sourceTree = "<group>";
		};
		F21B6FD32AFDFB9A0070831E /* Cart */ = {
			isa = PBXGroup;
			children = (
				F21B6FD42AFDFBB50070831E /* CartModel.swift */,
				F21B6FD62AFDFBC10070831E /* CartViewModel.swift */,
				F21B6FD82AFDFBD10070831E /* CartView.swift */,
			);
			path = Cart;
			sourceTree = "<group>";
		};
		F21B6FDC2AFE1E3B0070831E /* Util */ = {
			isa = PBXGroup;
			children = (
				F21B6FDD2AFE1E5F0070831E /* GeneralCardView.swift */,
				F2271BA62AFD8714004AD79D /* APIService.swift */,
			);
			path = Util;
			sourceTree = "<group>";
		};
		F21B6FDF2AFE407B0070831E /* Categories */ = {
			isa = PBXGroup;
			children = (
				F21B6FE02AFE409A0070831E /* CategoryModel.swift */,
				F21B6FE22AFE40C00070831E /* CategoriesListViewModel.swift */,
				F21B6FE42AFE40D20070831E /* CategoriesListView.swift */,
			);
			path = Categories;
			sourceTree = "<group>";
		};
		F2271B682AFD8526004AD79D = {
			isa = PBXGroup;
			children = (
				F2271B732AFD8527004AD79D /* FoodApp */,
				F2271B892AFD8528004AD79D /* FoodAppTests */,
				F2271B932AFD8528004AD79D /* FoodAppUITests */,
				F2271B722AFD8527004AD79D /* Products */,
			);
			sourceTree = "<group>";
		};
		F2271B722AFD8527004AD79D /* Products */ = {
			isa = PBXGroup;
			children = (
				F2271B712AFD8527004AD79D /* FoodApp.app */,
				F2271B862AFD8528004AD79D /* FoodAppTests.xctest */,
				F2271B902AFD8528004AD79D /* FoodAppUITests.xctest */,
			);
			name = Products;
			sourceTree = "<group>";
		};
		F2271B732AFD8527004AD79D /* FoodApp */ = {
			isa = PBXGroup;
			children = (
				F29E116B2B00829C00C6EB42 /* Payment */,
				F21B6FDF2AFE407B0070831E /* Categories */,
				F21B6FDC2AFE1E3B0070831E /* Util */,
				F21B6FD32AFDFB9A0070831E /* Cart */,
				F2271BA32AFD86D6004AD79D /* Products */,
				F2271B742AFD8527004AD79D /* FoodApp.swift */,
				F2271B762AFD8527004AD79D /* ContentView.swift */,
				F2271B782AFD8528004AD79D /* Assets.xcassets */,
				F2271B7A2AFD8528004AD79D /* Preview Content */,
			);
			path = FoodApp;
			sourceTree = "<group>";
		};
		F2271B7A2AFD8528004AD79D /* Preview Content */ = {
			isa = PBXGroup;
			children = (
				F2271B7B2AFD8528004AD79D /* Preview Assets.xcassets */,
			);
			path = "Preview Content";
			sourceTree = "<group>";
		};
		F2271B892AFD8528004AD79D /* FoodAppTests */ = {
			isa = PBXGroup;
			children = (
				F2271B8A2AFD8528004AD79D /* FoodAppTests.swift */,
				F21240402B03A13500FC2F75 /* CreditCardViewModelTests.swift */,
			);
			path = FoodAppTests;
			sourceTree = "<group>";
		};
		F2271B932AFD8528004AD79D /* FoodAppUITests */ = {
			isa = PBXGroup;
			children = (
				F2271B942AFD8528004AD79D /* FoodAppUITests.swift */,
				F2271B962AFD8528004AD79D /* FoodAppUITestsLaunchTests.swift */,
			);
			path = FoodAppUITests;
			sourceTree = "<group>";
		};
		F2271BA32AFD86D6004AD79D /* Products */ = {
			isa = PBXGroup;
			children = (
				F2271BA42AFD86FA004AD79D /* ProductModel.swift */,
				F2271BA82AFD89BE004AD79D /* ProductsListViewModel.swift */,
				F2271BAA2AFD89D4004AD79D /* ProductsListView.swift */,
			);
			path = Products;
			sourceTree = "<group>";
		};
		F29E116B2B00829C00C6EB42 /* Payment */ = {
			isa = PBXGroup;
			children = (
				F21726462B00B2C600D5D9E5 /* CreditCard */,
				F29E11702B0082D400C6EB42 /* PaymentMethod.swift */,
				F29E116E2B0082C900C6EB42 /* PaymentViewModel.swift */,
				F29E116C2B0082B000C6EB42 /* PaymentView.swift */,
			);
			path = Payment;
			sourceTree = "<group>";
		};
/* End PBXGroup section */

/* Begin PBXNativeTarget section */
		F2271B702AFD8527004AD79D /* FoodApp */ = {
			isa = PBXNativeTarget;
			buildConfigurationList = F2271B9A2AFD8528004AD79D /* Build configuration list for PBXNativeTarget "FoodApp" */;
			buildPhases = (
				F2271B6D2AFD8527004AD79D /* Sources */,
				F2271B6E2AFD8527004AD79D /* Frameworks */,
				F2271B6F2AFD8527004AD79D /* Resources */,
			);
			buildRules = (
			);
			dependencies = (
			);
			name = FoodApp;
			packageProductDependencies = (
				F212403C2B02C24100FC2F75 /* Stripe */,
				F212403E2B03002E00FC2F75 /* StripePaymentSheet */,
			);
			productName = FoodApp;
			productReference = F2271B712AFD8527004AD79D /* FoodApp.app */;
			productType = "com.apple.product-type.application";
		};
		F2271B852AFD8528004AD79D /* FoodAppTests */ = {
			isa = PBXNativeTarget;
			buildConfigurationList = F2271B9D2AFD8528004AD79D /* Build configuration list for PBXNativeTarget "FoodAppTests" */;
			buildPhases = (
				F2271B822AFD8528004AD79D /* Sources */,
				F2271B832AFD8528004AD79D /* Frameworks */,
				F2271B842AFD8528004AD79D /* Resources */,
			);
			buildRules = (
			);
			dependencies = (
				F2271B882AFD8528004AD79D /* PBXTargetDependency */,
			);
			name = FoodAppTests;
			productName = FoodAppTests;
			productReference = F2271B862AFD8528004AD79D /* FoodAppTests.xctest */;
			productType = "com.apple.product-type.bundle.unit-test";
		};
		F2271B8F2AFD8528004AD79D /* FoodAppUITests */ = {
			isa = PBXNativeTarget;
			buildConfigurationList = F2271BA02AFD8528004AD79D /* Build configuration list for PBXNativeTarget "FoodAppUITests" */;
			buildPhases = (
				F2271B8C2AFD8528004AD79D /* Sources */,
				F2271B8D2AFD8528004AD79D /* Frameworks */,
				F2271B8E2AFD8528004AD79D /* Resources */,
			);
			buildRules = (
			);
			dependencies = (
				F2271B922AFD8528004AD79D /* PBXTargetDependency */,
			);
			name = FoodAppUITests;
			productName = FoodAppUITests;
			productReference = F2271B902AFD8528004AD79D /* FoodAppUITests.xctest */;
			productType = "com.apple.product-type.bundle.ui-testing";
		};
/* End PBXNativeTarget section */

/* Begin PBXProject section */
		F2271B692AFD8526004AD79D /* Project object */ = {
			isa = PBXProject;
			attributes = {
				BuildIndependentTargetsInParallel = 1;
				LastSwiftUpdateCheck = 1500;
				LastUpgradeCheck = 1500;
				TargetAttributes = {
					F2271B702AFD8527004AD79D = {
						CreatedOnToolsVersion = 15.0;
					};
					F2271B852AFD8528004AD79D = {
						CreatedOnToolsVersion = 15.0;
						TestTargetID = F2271B702AFD8527004AD79D;
					};
					F2271B8F2AFD8528004AD79D = {
						CreatedOnToolsVersion = 15.0;
						TestTargetID = F2271B702AFD8527004AD79D;
					};
				};
			};
			buildConfigurationList = F2271B6C2AFD8526004AD79D /* Build configuration list for PBXProject "FoodApp" */;
			compatibilityVersion = "Xcode 14.0";
			developmentRegion = en;
			hasScannedForEncodings = 0;
			knownRegions = (
				en,
				Base,
			);
			mainGroup = F2271B682AFD8526004AD79D;
			packageReferences = (
				F29E116A2B00810800C6EB42 /* XCRemoteSwiftPackageReference "stripe-ios-spm" */,
			);
			productRefGroup = F2271B722AFD8527004AD79D /* Products */;
			projectDirPath = "";
			projectRoot = "";
			targets = (
				F2271B702AFD8527004AD79D /* FoodApp */,
				F2271B852AFD8528004AD79D /* FoodAppTests */,
				F2271B8F2AFD8528004AD79D /* FoodAppUITests */,
			);
		};
/* End PBXProject section */

/* Begin PBXResourcesBuildPhase section */
		F2271B6F2AFD8527004AD79D /* Resources */ = {
			isa = PBXResourcesBuildPhase;
			buildActionMask = 2147483647;
			files = (
				F2271B7C2AFD8528004AD79D /* Preview Assets.xcassets in Resources */,
				F2271B792AFD8528004AD79D /* Assets.xcassets in Resources */,
			);
			runOnlyForDeploymentPostprocessing = 0;
		};
		F2271B842AFD8528004AD79D /* Resources */ = {
			isa = PBXResourcesBuildPhase;
			buildActionMask = 2147483647;
			files = (
			);
			runOnlyForDeploymentPostprocessing = 0;
		};
		F2271B8E2AFD8528004AD79D /* Resources */ = {
			isa = PBXResourcesBuildPhase;
			buildActionMask = 2147483647;
			files = (
			);
			runOnlyForDeploymentPostprocessing = 0;
		};
/* End PBXResourcesBuildPhase section */

/* Begin PBXSourcesBuildPhase section */
		F2271B6D2AFD8527004AD79D /* Sources */ = {
			isa = PBXSourcesBuildPhase;
			buildActionMask = 2147483647;
			files = (
				F21B6FE12AFE409A0070831E /* CategoryModel.swift in Sources */,
				F2271BAB2AFD89D4004AD79D /* ProductsListView.swift in Sources */,
				F2271B772AFD8527004AD79D /* ContentView.swift in Sources */,
				F29E116D2B0082B000C6EB42 /* PaymentView.swift in Sources */,
				F21726482B00B2E200D5D9E5 /* CreditCard.swift in Sources */,
				F2271BA92AFD89BE004AD79D /* ProductsListViewModel.swift in Sources */,
				F21B6FE32AFE40C00070831E /* CategoriesListViewModel.swift in Sources */,
				F21B6FD52AFDFBB50070831E /* CartModel.swift in Sources */,
				F21726452B00A74A00D5D9E5 /* CreditCardViewModel.swift in Sources */,
				F217264A2B00B2F600D5D9E5 /* CreditCardView.swift in Sources */,
				F21B6FD92AFDFBD10070831E /* CartView.swift in Sources */,
				F2271B752AFD8527004AD79D /* FoodApp.swift in Sources */,
				F29E116F2B0082C900C6EB42 /* PaymentViewModel.swift in Sources */,
				F29E11712B0082D400C6EB42 /* PaymentMethod.swift in Sources */,
				F2271BA72AFD8714004AD79D /* APIService.swift in Sources */,
				F2271BA52AFD86FA004AD79D /* ProductModel.swift in Sources */,
				F21B6FD72AFDFBC10070831E /* CartViewModel.swift in Sources */,
				F21B6FDE2AFE1E5F0070831E /* GeneralCardView.swift in Sources */,
				F21B6FE52AFE40D20070831E /* CategoriesListView.swift in Sources */,
			);
			runOnlyForDeploymentPostprocessing = 0;
		};
		F2271B822AFD8528004AD79D /* Sources */ = {
			isa = PBXSourcesBuildPhase;
			buildActionMask = 2147483647;
			files = (
				F2271B8B2AFD8528004AD79D /* FoodAppTests.swift in Sources */,
				F21240412B03A13500FC2F75 /* CreditCardViewModelTests.swift in Sources */,
			);
			runOnlyForDeploymentPostprocessing = 0;
		};
		F2271B8C2AFD8528004AD79D /* Sources */ = {
			isa = PBXSourcesBuildPhase;
			buildActionMask = 2147483647;
			files = (
				F2271B972AFD8528004AD79D /* FoodAppUITestsLaunchTests.swift in Sources */,
				F2271B952AFD8528004AD79D /* FoodAppUITests.swift in Sources */,
			);
			runOnlyForDeploymentPostprocessing = 0;
		};
/* End PBXSourcesBuildPhase section */

/* Begin PBXTargetDependency section */
		F2271B882AFD8528004AD79D /* PBXTargetDependency */ = {
			isa = PBXTargetDependency;
			target = F2271B702AFD8527004AD79D /* FoodApp */;
			targetProxy = F2271B872AFD8528004AD79D /* PBXContainerItemProxy */;
		};
		F2271B922AFD8528004AD79D /* PBXTargetDependency */ = {
			isa = PBXTargetDependency;
			target = F2271B702AFD8527004AD79D /* FoodApp */;
			targetProxy = F2271B912AFD8528004AD79D /* PBXContainerItemProxy */;
		};
/* End PBXTargetDependency section */

/* Begin XCBuildConfiguration section */
		F2271B982AFD8528004AD79D /* Debug */ = {
			isa = XCBuildConfiguration;
			buildSettings = {
				ALWAYS_SEARCH_USER_PATHS = NO;
				ASSETCATALOG_COMPILER_GENERATE_SWIFT_ASSET_SYMBOL_EXTENSIONS = YES;
				CLANG_ANALYZER_NONNULL = YES;
				CLANG_ANALYZER_NUMBER_OBJECT_CONVERSION = YES_AGGRESSIVE;
				CLANG_CXX_LANGUAGE_STANDARD = "gnu++20";
				CLANG_ENABLE_MODULES = YES;
				CLANG_ENABLE_OBJC_ARC = YES;
				CLANG_ENABLE_OBJC_WEAK = YES;
				CLANG_WARN_BLOCK_CAPTURE_AUTORELEASING = YES;
				CLANG_WARN_BOOL_CONVERSION = YES;
				CLANG_WARN_COMMA = YES;
				CLANG_WARN_CONSTANT_CONVERSION = YES;
				CLANG_WARN_DEPRECATED_OBJC_IMPLEMENTATIONS = YES;
				CLANG_WARN_DIRECT_OBJC_ISA_USAGE = YES_ERROR;
				CLANG_WARN_DOCUMENTATION_COMMENTS = YES;
				CLANG_WARN_EMPTY_BODY = YES;
				CLANG_WARN_ENUM_CONVERSION = YES;
				CLANG_WARN_INFINITE_RECURSION = YES;
				CLANG_WARN_INT_CONVERSION = YES;
				CLANG_WARN_NON_LITERAL_NULL_CONVERSION = YES;
				CLANG_WARN_OBJC_IMPLICIT_RETAIN_SELF = YES;
				CLANG_WARN_OBJC_LITERAL_CONVERSION = YES;
				CLANG_WARN_OBJC_ROOT_CLASS = YES_ERROR;
				CLANG_WARN_QUOTED_INCLUDE_IN_FRAMEWORK_HEADER = YES;
				CLANG_WARN_RANGE_LOOP_ANALYSIS = YES;
				CLANG_WARN_STRICT_PROTOTYPES = YES;
				CLANG_WARN_SUSPICIOUS_MOVE = YES;
				CLANG_WARN_UNGUARDED_AVAILABILITY = YES_AGGRESSIVE;
				CLANG_WARN_UNREACHABLE_CODE = YES;
				CLANG_WARN__DUPLICATE_METHOD_MATCH = YES;
				COPY_PHASE_STRIP = NO;
				DEBUG_INFORMATION_FORMAT = dwarf;
				ENABLE_STRICT_OBJC_MSGSEND = YES;
				ENABLE_TESTABILITY = YES;
				ENABLE_USER_SCRIPT_SANDBOXING = YES;
				GCC_C_LANGUAGE_STANDARD = gnu17;
				GCC_DYNAMIC_NO_PIC = NO;
				GCC_NO_COMMON_BLOCKS = YES;
				GCC_OPTIMIZATION_LEVEL = 0;
				GCC_PREPROCESSOR_DEFINITIONS = (
					"DEBUG=1",
					"$(inherited)",
				);
				GCC_WARN_64_TO_32_BIT_CONVERSION = YES;
				GCC_WARN_ABOUT_RETURN_TYPE = YES_ERROR;
				GCC_WARN_UNDECLARED_SELECTOR = YES;
				GCC_WARN_UNINITIALIZED_AUTOS = YES_AGGRESSIVE;
				GCC_WARN_UNUSED_FUNCTION = YES;
				GCC_WARN_UNUSED_VARIABLE = YES;
				IPHONEOS_DEPLOYMENT_TARGET = 17.0;
				LOCALIZATION_PREFERS_STRING_CATALOGS = YES;
				MTL_ENABLE_DEBUG_INFO = INCLUDE_SOURCE;
				MTL_FAST_MATH = YES;
				ONLY_ACTIVE_ARCH = YES;
				SDKROOT = iphoneos;
				SWIFT_ACTIVE_COMPILATION_CONDITIONS = "DEBUG $(inherited)";
				SWIFT_OPTIMIZATION_LEVEL = "-Onone";
			};
			name = Debug;
		};
		F2271B992AFD8528004AD79D /* Release */ = {
			isa = XCBuildConfiguration;
			buildSettings = {
				ALWAYS_SEARCH_USER_PATHS = NO;
				ASSETCATALOG_COMPILER_GENERATE_SWIFT_ASSET_SYMBOL_EXTENSIONS = YES;
				CLANG_ANALYZER_NONNULL = YES;
				CLANG_ANALYZER_NUMBER_OBJECT_CONVERSION = YES_AGGRESSIVE;
				CLANG_CXX_LANGUAGE_STANDARD = "gnu++20";
				CLANG_ENABLE_MODULES = YES;
				CLANG_ENABLE_OBJC_ARC = YES;
				CLANG_ENABLE_OBJC_WEAK = YES;
				CLANG_WARN_BLOCK_CAPTURE_AUTORELEASING = YES;
				CLANG_WARN_BOOL_CONVERSION = YES;
				CLANG_WARN_COMMA = YES;
				CLANG_WARN_CONSTANT_CONVERSION = YES;
				CLANG_WARN_DEPRECATED_OBJC_IMPLEMENTATIONS = YES;
				CLANG_WARN_DIRECT_OBJC_ISA_USAGE = YES_ERROR;
				CLANG_WARN_DOCUMENTATION_COMMENTS = YES;
				CLANG_WARN_EMPTY_BODY = YES;
				CLANG_WARN_ENUM_CONVERSION = YES;
				CLANG_WARN_INFINITE_RECURSION = YES;
				CLANG_WARN_INT_CONVERSION = YES;
				CLANG_WARN_NON_LITERAL_NULL_CONVERSION = YES;
				CLANG_WARN_OBJC_IMPLICIT_RETAIN_SELF = YES;
				CLANG_WARN_OBJC_LITERAL_CONVERSION = YES;
				CLANG_WARN_OBJC_ROOT_CLASS = YES_ERROR;
				CLANG_WARN_QUOTED_INCLUDE_IN_FRAMEWORK_HEADER = YES;
				CLANG_WARN_RANGE_LOOP_ANALYSIS = YES;
				CLANG_WARN_STRICT_PROTOTYPES = YES;
				CLANG_WARN_SUSPICIOUS_MOVE = YES;
				CLANG_WARN_UNGUARDED_AVAILABILITY = YES_AGGRESSIVE;
				CLANG_WARN_UNREACHABLE_CODE = YES;
				CLANG_WARN__DUPLICATE_METHOD_MATCH = YES;
				COPY_PHASE_STRIP = NO;
				DEBUG_INFORMATION_FORMAT = "dwarf-with-dsym";
				ENABLE_NS_ASSERTIONS = NO;
				ENABLE_STRICT_OBJC_MSGSEND = YES;
				ENABLE_USER_SCRIPT_SANDBOXING = YES;
				GCC_C_LANGUAGE_STANDARD = gnu17;
				GCC_NO_COMMON_BLOCKS = YES;
				GCC_WARN_64_TO_32_BIT_CONVERSION = YES;
				GCC_WARN_ABOUT_RETURN_TYPE = YES_ERROR;
				GCC_WARN_UNDECLARED_SELECTOR = YES;
				GCC_WARN_UNINITIALIZED_AUTOS = YES_AGGRESSIVE;
				GCC_WARN_UNUSED_FUNCTION = YES;
				GCC_WARN_UNUSED_VARIABLE = YES;
				IPHONEOS_DEPLOYMENT_TARGET = 17.0;
				LOCALIZATION_PREFERS_STRING_CATALOGS = YES;
				MTL_ENABLE_DEBUG_INFO = NO;
				MTL_FAST_MATH = YES;
				SDKROOT = iphoneos;
				SWIFT_COMPILATION_MODE = wholemodule;
				VALIDATE_PRODUCT = YES;
			};
			name = Release;
		};
		F2271B9B2AFD8528004AD79D /* Debug */ = {
			isa = XCBuildConfiguration;
			buildSettings = {
				ASSETCATALOG_COMPILER_APPICON_NAME = AppIcon;
				ASSETCATALOG_COMPILER_GLOBAL_ACCENT_COLOR_NAME = AccentColor;
				CODE_SIGN_STYLE = Automatic;
				CURRENT_PROJECT_VERSION = 1;
				DEVELOPMENT_ASSET_PATHS = "\"FoodApp/Preview Content\"";
				DEVELOPMENT_TEAM = A9XR6B9333;
				ENABLE_PREVIEWS = YES;
				GENERATE_INFOPLIST_FILE = YES;
				INFOPLIST_KEY_UIApplicationSceneManifest_Generation = YES;
				INFOPLIST_KEY_UIApplicationSupportsIndirectInputEvents = YES;
				INFOPLIST_KEY_UILaunchScreen_Generation = YES;
				INFOPLIST_KEY_UISupportedInterfaceOrientations_iPad = "UIInterfaceOrientationPortrait UIInterfaceOrientationPortraitUpsideDown UIInterfaceOrientationLandscapeLeft UIInterfaceOrientationLandscapeRight";
				INFOPLIST_KEY_UISupportedInterfaceOrientations_iPhone = "UIInterfaceOrientationPortrait UIInterfaceOrientationLandscapeLeft UIInterfaceOrientationLandscapeRight";
				LD_RUNPATH_SEARCH_PATHS = (
					"$(inherited)",
					"@executable_path/Frameworks",
				);
				MARKETING_VERSION = 1.0;
				PRODUCT_BUNDLE_IDENTIFIER = com.example.FoodApp;
				PRODUCT_NAME = "$(TARGET_NAME)";
				SWIFT_EMIT_LOC_STRINGS = YES;
				SWIFT_VERSION = 5.0;
				TARGETED_DEVICE_FAMILY = "1,2";
			};
			name = Debug;
		};
		F2271B9C2AFD8528004AD79D /* Release */ = {
			isa = XCBuildConfiguration;
			buildSettings = {
				ASSETCATALOG_COMPILER_APPICON_NAME = AppIcon;
				ASSETCATALOG_COMPILER_GLOBAL_ACCENT_COLOR_NAME = AccentColor;
				CODE_SIGN_STYLE = Automatic;
				CURRENT_PROJECT_VERSION = 1;
				DEVELOPMENT_ASSET_PATHS = "\"FoodApp/Preview Content\"";
				DEVELOPMENT_TEAM = A9XR6B9333;
				ENABLE_PREVIEWS = YES;
				GENERATE_INFOPLIST_FILE = YES;
				INFOPLIST_KEY_UIApplicationSceneManifest_Generation = YES;
				INFOPLIST_KEY_UIApplicationSupportsIndirectInputEvents = YES;
				INFOPLIST_KEY_UILaunchScreen_Generation = YES;
				INFOPLIST_KEY_UISupportedInterfaceOrientations_iPad = "UIInterfaceOrientationPortrait UIInterfaceOrientationPortraitUpsideDown UIInterfaceOrientationLandscapeLeft UIInterfaceOrientationLandscapeRight";
				INFOPLIST_KEY_UISupportedInterfaceOrientations_iPhone = "UIInterfaceOrientationPortrait UIInterfaceOrientationLandscapeLeft UIInterfaceOrientationLandscapeRight";
				LD_RUNPATH_SEARCH_PATHS = (
					"$(inherited)",
					"@executable_path/Frameworks",
				);
				MARKETING_VERSION = 1.0;
				PRODUCT_BUNDLE_IDENTIFIER = com.example.FoodApp;
				PRODUCT_NAME = "$(TARGET_NAME)";
				SWIFT_EMIT_LOC_STRINGS = YES;
				SWIFT_VERSION = 5.0;
				TARGETED_DEVICE_FAMILY = "1,2";
			};
			name = Release;
		};
		F2271B9E2AFD8528004AD79D /* Debug */ = {
			isa = XCBuildConfiguration;
			buildSettings = {
				ALWAYS_EMBED_SWIFT_STANDARD_LIBRARIES = YES;
				BUNDLE_LOADER = "$(TEST_HOST)";
				CODE_SIGN_STYLE = Automatic;
				CURRENT_PROJECT_VERSION = 1;
				DEVELOPMENT_TEAM = A9XR6B9333;
				GENERATE_INFOPLIST_FILE = YES;
				IPHONEOS_DEPLOYMENT_TARGET = 17.0;
				MARKETING_VERSION = 1.0;
				PRODUCT_BUNDLE_IDENTIFIER = com.example.FoodAppTests;
				PRODUCT_NAME = "$(TARGET_NAME)";
				SWIFT_EMIT_LOC_STRINGS = NO;
				SWIFT_VERSION = 5.0;
				TARGETED_DEVICE_FAMILY = "1,2";
				TEST_HOST = "$(BUILT_PRODUCTS_DIR)/FoodApp.app/$(BUNDLE_EXECUTABLE_FOLDER_PATH)/FoodApp";
			};
			name = Debug;
		};
		F2271B9F2AFD8528004AD79D /* Release */ = {
			isa = XCBuildConfiguration;
			buildSettings = {
				ALWAYS_EMBED_SWIFT_STANDARD_LIBRARIES = YES;
				BUNDLE_LOADER = "$(TEST_HOST)";
				CODE_SIGN_STYLE = Automatic;
				CURRENT_PROJECT_VERSION = 1;
				DEVELOPMENT_TEAM = A9XR6B9333;
				GENERATE_INFOPLIST_FILE = YES;
				IPHONEOS_DEPLOYMENT_TARGET = 17.0;
				MARKETING_VERSION = 1.0;
				PRODUCT_BUNDLE_IDENTIFIER = com.example.FoodAppTests;
				PRODUCT_NAME = "$(TARGET_NAME)";
				SWIFT_EMIT_LOC_STRINGS = NO;
				SWIFT_VERSION = 5.0;
				TARGETED_DEVICE_FAMILY = "1,2";
				TEST_HOST = "$(BUILT_PRODUCTS_DIR)/FoodApp.app/$(BUNDLE_EXECUTABLE_FOLDER_PATH)/FoodApp";
			};
			name = Release;
		};
		F2271BA12AFD8528004AD79D /* Debug */ = {
			isa = XCBuildConfiguration;
			buildSettings = {
				ALWAYS_EMBED_SWIFT_STANDARD_LIBRARIES = YES;
				CODE_SIGN_STYLE = Automatic;
				CURRENT_PROJECT_VERSION = 1;
				DEVELOPMENT_TEAM = A9XR6B9333;
				GENERATE_INFOPLIST_FILE = YES;
				MARKETING_VERSION = 1.0;
				PRODUCT_BUNDLE_IDENTIFIER = com.example.FoodAppUITests;
				PRODUCT_NAME = "$(TARGET_NAME)";
				SWIFT_EMIT_LOC_STRINGS = NO;
				SWIFT_VERSION = 5.0;
				TARGETED_DEVICE_FAMILY = "1,2";
				TEST_TARGET_NAME = FoodApp;
			};
			name = Debug;
		};
		F2271BA22AFD8528004AD79D /* Release */ = {
			isa = XCBuildConfiguration;
			buildSettings = {
				ALWAYS_EMBED_SWIFT_STANDARD_LIBRARIES = YES;
				CODE_SIGN_STYLE = Automatic;
				CURRENT_PROJECT_VERSION = 1;
				DEVELOPMENT_TEAM = A9XR6B9333;
				GENERATE_INFOPLIST_FILE = YES;
				MARKETING_VERSION = 1.0;
				PRODUCT_BUNDLE_IDENTIFIER = com.example.FoodAppUITests;
				PRODUCT_NAME = "$(TARGET_NAME)";
				SWIFT_EMIT_LOC_STRINGS = NO;
				SWIFT_VERSION = 5.0;
				TARGETED_DEVICE_FAMILY = "1,2";
				TEST_TARGET_NAME = FoodApp;
			};
			name = Release;
		};
/* End XCBuildConfiguration section */

/* Begin XCConfigurationList section */
		F2271B6C2AFD8526004AD79D /* Build configuration list for PBXProject "FoodApp" */ = {
			isa = XCConfigurationList;
			buildConfigurations = (
				F2271B982AFD8528004AD79D /* Debug */,
				F2271B992AFD8528004AD79D /* Release */,
			);
			defaultConfigurationIsVisible = 0;
			defaultConfigurationName = Release;
		};
		F2271B9A2AFD8528004AD79D /* Build configuration list for PBXNativeTarget "FoodApp" */ = {
			isa = XCConfigurationList;
			buildConfigurations = (
				F2271B9B2AFD8528004AD79D /* Debug */,
				F2271B9C2AFD8528004AD79D /* Release */,
			);
			defaultConfigurationIsVisible = 0;
			defaultConfigurationName = Release;
		};
		F2271B9D2AFD8528004AD79D /* Build configuration list for PBXNativeTarget "FoodAppTests" */ = {
			isa = XCConfigurationList;
			buildConfigurations = (
				F2271B9E2AFD8528004AD79D /* Debug */,
				F2271B9F2AFD8528004AD79D /* Release */,
			);
			defaultConfigurationIsVisible = 0;
			defaultConfigurationName = Release;
		};
		F2271BA02AFD8528004AD79D /* Build configuration list for PBXNativeTarget "FoodAppUITests" */ = {
			isa = XCConfigurationList;
			buildConfigurations = (
				F2271BA12AFD8528004AD79D /* Debug */,
				F2271BA22AFD8528004AD79D /* Release */,
			);
			defaultConfigurationIsVisible = 0;
			defaultConfigurationName = Release;
		};
/* End XCConfigurationList section */

/* Begin XCRemoteSwiftPackageReference section */
		F29E116A2B00810800C6EB42 /* XCRemoteSwiftPackageReference "stripe-ios-spm" */ = {
			isa = XCRemoteSwiftPackageReference;
			repositoryURL = "https://github.com/stripe/stripe-ios-spm";
			requirement = {
				kind = upToNextMajorVersion;
				minimumVersion = 23.18.2;
			};
		};
/* End XCRemoteSwiftPackageReference section */

/* Begin XCSwiftPackageProductDependency section */
		F212403C2B02C24100FC2F75 /* Stripe */ = {
			isa = XCSwiftPackageProductDependency;
			package = F29E116A2B00810800C6EB42 /* XCRemoteSwiftPackageReference "stripe-ios-spm" */;
			productName = Stripe;
		};
		F212403E2B03002E00FC2F75 /* StripePaymentSheet */ = {
			isa = XCSwiftPackageProductDependency;
			package = F29E116A2B00810800C6EB42 /* XCRemoteSwiftPackageReference "stripe-ios-spm" */;
			productName = StripePaymentSheet;
		};
/* End XCSwiftPackageProductDependency section */
	};
	rootObject = F2271B692AFD8526004AD79D /* Project object */;
}
